
Microsoft Visual Studio Solution File, Format Version 12.00
# Visual Studio Version 16
VisualStudioVersion = 16.0.33529.622
MinimumVisualStudioVersion = 10.0.40219.1
Project("{FAE04EC0-301F-11D3-BF4B-00C04F79EFBC}") = "Division 5例題", "Division 5例題\Division 5例題.csproj", "{C3189244-53E1-4552-91AA-A4113EC31DE5}"
EndProject
Global
	GlobalSection(SolutionConfigurationPlatforms) = preSolution
		Debug|Any CPU = Debug|Any CPU
		Release|Any CPU = Release|Any CPU
	EndGlobalSection
	GlobalSection(ProjectConfigurationPlatforms) = postSolution
		{C3189244-53E1-4552-91AA-A4113EC31DE5}.Debug|Any CPU.ActiveCfg = Debug|Any CPU
		{C3189244-53E1-4552-91AA-A4113EC31DE5}.Debug|Any CPU.Build.0 = Debug|Any CPU
		{C3189244-53E1-4552-91AA-A4113EC31DE5}.Release|Any CPU.ActiveCfg = Release|Any CPU
		{C3189244-53E1-4552-91AA-A4113EC31DE5}.Release|Any CPU.Build.0 = Release|Any CPU
	EndGlobalSection
	GlobalSection(SolutionProperties) = preSolution
		HideSolutionNode = FALSE
	EndGlobalSection
	GlobalSection(ExtensibilityGlobals) = postSolution
		SolutionGuid = {D59DC609-9FFC-41F7-9AC1-C0DF972544DB}
	EndGlobalSection
EndGlobal
