
Microsoft Visual Studio Solution File, Format Version 12.00
# Visual Studio Version 16
VisualStudioVersion = 16.0.29230.47
MinimumVisualStudioVersion = 10.0.40219.1
Project("{FAE04EC0-301F-11D3-BF4B-00C04F79EFBC}") = "WeekOfDay", "WeekOfDay\WeekOfDay.csproj", "{70A4AF38-8251-42F5-BE76-FC78FA71F779}"
EndProject
Global
	GlobalSection(SolutionConfigurationPlatforms) = preSolution
		Debug|Any CPU = Debug|Any CPU
		Release|Any CPU = Release|Any CPU
	EndGlobalSection
	GlobalSection(ProjectConfigurationPlatforms) = postSolution
		{70A4AF38-8251-42F5-BE76-FC78FA71F779}.Debug|Any CPU.ActiveCfg = Debug|Any CPU
		{70A4AF38-8251-42F5-BE76-FC78FA71F779}.Debug|Any CPU.Build.0 = Debug|Any CPU
		{70A4AF38-8251-42F5-BE76-FC78FA71F779}.Release|Any CPU.ActiveCfg = Release|Any CPU
		{70A4AF38-8251-42F5-BE76-FC78FA71F779}.Release|Any CPU.Build.0 = Release|Any CPU
	EndGlobalSection
	GlobalSection(SolutionProperties) = preSolution
		HideSolutionNode = FALSE
	EndGlobalSection
	GlobalSection(ExtensibilityGlobals) = postSolution
		SolutionGuid = {DBFAB4CA-AB63-4766-9E04-AC698C96607B}
	EndGlobalSection
EndGlobal
