
Microsoft Visual Studio Solution File, Format Version 12.00
# Visual Studio Version 16
VisualStudioVersion = 16.0.33529.622
MinimumVisualStudioVersion = 10.0.40219.1
Project("{FAE04EC0-301F-11D3-BF4B-00C04F79EFBC}") = "WindowsFormsApp4", "WindowsFormsApp4\WindowsFormsApp4.csproj", "{FCE7E771-8F09-4851-83B8-18E3191C688E}"
EndProject
Global
	GlobalSection(SolutionConfigurationPlatforms) = preSolution
		Debug|Any CPU = Debug|Any CPU
		Release|Any CPU = Release|Any CPU
	EndGlobalSection
	GlobalSection(ProjectConfigurationPlatforms) = postSolution
		{FCE7E771-8F09-4851-83B8-18E3191C688E}.Debug|Any CPU.ActiveCfg = Debug|Any CPU
		{FCE7E771-8F09-4851-83B8-18E3191C688E}.Debug|Any CPU.Build.0 = Debug|Any CPU
		{FCE7E771-8F09-4851-83B8-18E3191C688E}.Release|Any CPU.ActiveCfg = Release|Any CPU
		{FCE7E771-8F09-4851-83B8-18E3191C688E}.Release|Any CPU.Build.0 = Release|Any CPU
	EndGlobalSection
	GlobalSection(SolutionProperties) = preSolution
		HideSolutionNode = FALSE
	EndGlobalSection
	GlobalSection(ExtensibilityGlobals) = postSolution
		SolutionGuid = {46B0C1B3-2826-4715-A47B-559007D1D92A}
	EndGlobalSection
EndGlobal
