
Microsoft Visual Studio Solution File, Format Version 12.00
# Visual Studio Version 16
VisualStudioVersion = 16.0.33529.622
MinimumVisualStudioVersion = 10.0.40219.1
Project("{FAE04EC0-301F-11D3-BF4B-00C04F79EFBC}") = "Division", "Division\Division.csproj", "{9F1CF023-832A-496D-B01A-07B4D8E61FDB}"
EndProject
Global
	GlobalSection(SolutionConfigurationPlatforms) = preSolution
		Debug|Any CPU = Debug|Any CPU
		Release|Any CPU = Release|Any CPU
	EndGlobalSection
	GlobalSection(ProjectConfigurationPlatforms) = postSolution
		{9F1CF023-832A-496D-B01A-07B4D8E61FDB}.Debug|Any CPU.ActiveCfg = Debug|Any CPU
		{9F1CF023-832A-496D-B01A-07B4D8E61FDB}.Debug|Any CPU.Build.0 = Debug|Any CPU
		{9F1CF023-832A-496D-B01A-07B4D8E61FDB}.Release|Any CPU.ActiveCfg = Release|Any CPU
		{9F1CF023-832A-496D-B01A-07B4D8E61FDB}.Release|Any CPU.Build.0 = Release|Any CPU
	EndGlobalSection
	GlobalSection(SolutionProperties) = preSolution
		HideSolutionNode = FALSE
	EndGlobalSection
	GlobalSection(ExtensibilityGlobals) = postSolution
		SolutionGuid = {5F5577DD-F72B-4AE1-8B98-4C04271C9486}
	EndGlobalSection
EndGlobal
