
Microsoft Visual Studio Solution File, Format Version 12.00
# Visual Studio Version 16
VisualStudioVersion = 16.0.33529.622
MinimumVisualStudioVersion = 10.0.40219.1
Project("{FAE04EC0-301F-11D3-BF4B-00C04F79EFBC}") = "Chapter4WeekOfDay", "Chapter4WeekOfDay\Chapter4WeekOfDay.csproj", "{2E53228B-5114-47D5-A84A-0401A00BACF4}"
EndProject
Global
	GlobalSection(SolutionConfigurationPlatforms) = preSolution
		Debug|Any CPU = Debug|Any CPU
		Release|Any CPU = Release|Any CPU
	EndGlobalSection
	GlobalSection(ProjectConfigurationPlatforms) = postSolution
		{2E53228B-5114-47D5-A84A-0401A00BACF4}.Debug|Any CPU.ActiveCfg = Debug|Any CPU
		{2E53228B-5114-47D5-A84A-0401A00BACF4}.Debug|Any CPU.Build.0 = Debug|Any CPU
		{2E53228B-5114-47D5-A84A-0401A00BACF4}.Release|Any CPU.ActiveCfg = Release|Any CPU
		{2E53228B-5114-47D5-A84A-0401A00BACF4}.Release|Any CPU.Build.0 = Release|Any CPU
	EndGlobalSection
	GlobalSection(SolutionProperties) = preSolution
		HideSolutionNode = FALSE
	EndGlobalSection
	GlobalSection(ExtensibilityGlobals) = postSolution
		SolutionGuid = {A72DBB5E-DC0A-4D11-811F-7CAD8E60817B}
	EndGlobalSection
EndGlobal
