
Microsoft Visual Studio Solution File, Format Version 12.00
# Visual Studio Version 16
VisualStudioVersion = 16.0.29306.81
MinimumVisualStudioVersion = 10.0.40219.1
Project("{FAE04EC0-301F-11D3-BF4B-00C04F79EFBC}") = "GradeCheck2", "GradeCheck2\GradeCheck2.csproj", "{EDF20A7A-2F06-4F47-817A-4A72FFB2D468}"
EndProject
Global
	GlobalSection(SolutionConfigurationPlatforms) = preSolution
		Debug|Any CPU = Debug|Any CPU
		Release|Any CPU = Release|Any CPU
	EndGlobalSection
	GlobalSection(ProjectConfigurationPlatforms) = postSolution
		{EDF20A7A-2F06-4F47-817A-4A72FFB2D468}.Debug|Any CPU.ActiveCfg = Debug|Any CPU
		{EDF20A7A-2F06-4F47-817A-4A72FFB2D468}.Debug|Any CPU.Build.0 = Debug|Any CPU
		{EDF20A7A-2F06-4F47-817A-4A72FFB2D468}.Release|Any CPU.ActiveCfg = Release|Any CPU
		{EDF20A7A-2F06-4F47-817A-4A72FFB2D468}.Release|Any CPU.Build.0 = Release|Any CPU
	EndGlobalSection
	GlobalSection(SolutionProperties) = preSolution
		HideSolutionNode = FALSE
	EndGlobalSection
	GlobalSection(ExtensibilityGlobals) = postSolution
		SolutionGuid = {A5F43948-B1AD-426A-9AE5-40050847B4E1}
	EndGlobalSection
EndGlobal
