
Microsoft Visual Studio Solution File, Format Version 12.00
# Visual Studio Version 16
VisualStudioVersion = 16.0.29306.81
MinimumVisualStudioVersion = 10.0.40219.1
Project("{FAE04EC0-301F-11D3-BF4B-00C04F79EFBC}") = "RandomSample2", "RandomSample2\RandomSample2.csproj", "{309CB3F5-4F80-4952-A7FE-63722DB9C9A6}"
EndProject
Global
	GlobalSection(SolutionConfigurationPlatforms) = preSolution
		Debug|Any CPU = Debug|Any CPU
		Release|Any CPU = Release|Any CPU
	EndGlobalSection
	GlobalSection(ProjectConfigurationPlatforms) = postSolution
		{309CB3F5-4F80-4952-A7FE-63722DB9C9A6}.Debug|Any CPU.ActiveCfg = Debug|Any CPU
		{309CB3F5-4F80-4952-A7FE-63722DB9C9A6}.Debug|Any CPU.Build.0 = Debug|Any CPU
		{309CB3F5-4F80-4952-A7FE-63722DB9C9A6}.Release|Any CPU.ActiveCfg = Release|Any CPU
		{309CB3F5-4F80-4952-A7FE-63722DB9C9A6}.Release|Any CPU.Build.0 = Release|Any CPU
	EndGlobalSection
	GlobalSection(SolutionProperties) = preSolution
		HideSolutionNode = FALSE
	EndGlobalSection
	GlobalSection(ExtensibilityGlobals) = postSolution
		SolutionGuid = {BAEDC2F6-C056-4910-B1EB-D930D5BB97B0}
	EndGlobalSection
EndGlobal
