
Microsoft Visual Studio Solution File, Format Version 12.00
# Visual Studio Version 16
VisualStudioVersion = 16.0.33529.622
MinimumVisualStudioVersion = 10.0.40219.1
Project("{FAE04EC0-301F-11D3-BF4B-00C04F79EFBC}") = "SwimmingSchedule", "SwimmingSchedule\SwimmingSchedule.csproj", "{CD49AE03-5AAA-4CA8-B7DE-48008487758E}"
EndProject
Global
	GlobalSection(SolutionConfigurationPlatforms) = preSolution
		Debug|Any CPU = Debug|Any CPU
		Release|Any CPU = Release|Any CPU
	EndGlobalSection
	GlobalSection(ProjectConfigurationPlatforms) = postSolution
		{CD49AE03-5AAA-4CA8-B7DE-48008487758E}.Debug|Any CPU.ActiveCfg = Debug|Any CPU
		{CD49AE03-5AAA-4CA8-B7DE-48008487758E}.Debug|Any CPU.Build.0 = Debug|Any CPU
		{CD49AE03-5AAA-4CA8-B7DE-48008487758E}.Release|Any CPU.ActiveCfg = Release|Any CPU
		{CD49AE03-5AAA-4CA8-B7DE-48008487758E}.Release|Any CPU.Build.0 = Release|Any CPU
	EndGlobalSection
	GlobalSection(SolutionProperties) = preSolution
		HideSolutionNode = FALSE
	EndGlobalSection
	GlobalSection(ExtensibilityGlobals) = postSolution
		SolutionGuid = {11FF2E04-BF09-4B3F-9F2D-1CCF6AA4B27F}
	EndGlobalSection
EndGlobal
