
Microsoft Visual Studio Solution File, Format Version 12.00
# Visual Studio Version 16
VisualStudioVersion = 16.0.33529.622
MinimumVisualStudioVersion = 10.0.40219.1
Project("{FAE04EC0-301F-11D3-BF4B-00C04F79EFBC}") = "MultiplicationTable", "MultiplicationTable\MultiplicationTable.csproj", "{C0AC18E1-6B80-4FBD-998F-B1CCEB40A882}"
EndProject
Global
	GlobalSection(SolutionConfigurationPlatforms) = preSolution
		Debug|Any CPU = Debug|Any CPU
		Release|Any CPU = Release|Any CPU
	EndGlobalSection
	GlobalSection(ProjectConfigurationPlatforms) = postSolution
		{C0AC18E1-6B80-4FBD-998F-B1CCEB40A882}.Debug|Any CPU.ActiveCfg = Debug|Any CPU
		{C0AC18E1-6B80-4FBD-998F-B1CCEB40A882}.Debug|Any CPU.Build.0 = Debug|Any CPU
		{C0AC18E1-6B80-4FBD-998F-B1CCEB40A882}.Release|Any CPU.ActiveCfg = Release|Any CPU
		{C0AC18E1-6B80-4FBD-998F-B1CCEB40A882}.Release|Any CPU.Build.0 = Release|Any CPU
	EndGlobalSection
	GlobalSection(SolutionProperties) = preSolution
		HideSolutionNode = FALSE
	EndGlobalSection
	GlobalSection(ExtensibilityGlobals) = postSolution
		SolutionGuid = {8D8AF01F-82C5-4A84-AF6A-AB2A2F25E8E7}
	EndGlobalSection
EndGlobal
