
Microsoft Visual Studio Solution File, Format Version 12.00
# Visual Studio Version 16
VisualStudioVersion = 16.0.33529.622
MinimumVisualStudioVersion = 10.0.40219.1
Project("{FAE04EC0-301F-11D3-BF4B-00C04F79EFBC}") = "MultiplicationTable", "MultiplicationTable\MultiplicationTable.csproj", "{FFF71852-C875-4F7E-9C84-F04EF5848948}"
EndProject
Global
	GlobalSection(SolutionConfigurationPlatforms) = preSolution
		Debug|Any CPU = Debug|Any CPU
		Release|Any CPU = Release|Any CPU
	EndGlobalSection
	GlobalSection(ProjectConfigurationPlatforms) = postSolution
		{FFF71852-C875-4F7E-9C84-F04EF5848948}.Debug|Any CPU.ActiveCfg = Debug|Any CPU
		{FFF71852-C875-4F7E-9C84-F04EF5848948}.Debug|Any CPU.Build.0 = Debug|Any CPU
		{FFF71852-C875-4F7E-9C84-F04EF5848948}.Release|Any CPU.ActiveCfg = Release|Any CPU
		{FFF71852-C875-4F7E-9C84-F04EF5848948}.Release|Any CPU.Build.0 = Release|Any CPU
	EndGlobalSection
	GlobalSection(SolutionProperties) = preSolution
		HideSolutionNode = FALSE
	EndGlobalSection
	GlobalSection(ExtensibilityGlobals) = postSolution
		SolutionGuid = {67751CF4-D68E-446C-B279-9710C2D120A7}
	EndGlobalSection
EndGlobal
