
Microsoft Visual Studio Solution File, Format Version 12.00
# Visual Studio Version 16
VisualStudioVersion = 16.0.33529.622
MinimumVisualStudioVersion = 10.0.40219.1
Project("{FAE04EC0-301F-11D3-BF4B-00C04F79EFBC}") = "MultiplicationTable", "MultiplicationTable\MultiplicationTable.csproj", "{427F3BF9-2501-4C69-8168-019CA5DD57A9}"
EndProject
Global
	GlobalSection(SolutionConfigurationPlatforms) = preSolution
		Debug|Any CPU = Debug|Any CPU
		Release|Any CPU = Release|Any CPU
	EndGlobalSection
	GlobalSection(ProjectConfigurationPlatforms) = postSolution
		{427F3BF9-2501-4C69-8168-019CA5DD57A9}.Debug|Any CPU.ActiveCfg = Debug|Any CPU
		{427F3BF9-2501-4C69-8168-019CA5DD57A9}.Debug|Any CPU.Build.0 = Debug|Any CPU
		{427F3BF9-2501-4C69-8168-019CA5DD57A9}.Release|Any CPU.ActiveCfg = Release|Any CPU
		{427F3BF9-2501-4C69-8168-019CA5DD57A9}.Release|Any CPU.Build.0 = Release|Any CPU
	EndGlobalSection
	GlobalSection(SolutionProperties) = preSolution
		HideSolutionNode = FALSE
	EndGlobalSection
	GlobalSection(ExtensibilityGlobals) = postSolution
		SolutionGuid = {2A8913D8-74C7-4172-84EA-7FA1814F024B}
	EndGlobalSection
EndGlobal
