
Microsoft Visual Studio Solution File, Format Version 12.00
# Visual Studio Version 16
VisualStudioVersion = 16.0.33529.622
MinimumVisualStudioVersion = 10.0.40219.1
Project("{FAE04EC0-301F-11D3-BF4B-00C04F79EFBC}") = "Tax rensyu", "Tax rensyu\Tax rensyu.csproj", "{E4759D4C-8567-4CFE-A300-3F886E47DCF0}"
EndProject
Global
	GlobalSection(SolutionConfigurationPlatforms) = preSolution
		Debug|Any CPU = Debug|Any CPU
		Release|Any CPU = Release|Any CPU
	EndGlobalSection
	GlobalSection(ProjectConfigurationPlatforms) = postSolution
		{E4759D4C-8567-4CFE-A300-3F886E47DCF0}.Debug|Any CPU.ActiveCfg = Debug|Any CPU
		{E4759D4C-8567-4CFE-A300-3F886E47DCF0}.Debug|Any CPU.Build.0 = Debug|Any CPU
		{E4759D4C-8567-4CFE-A300-3F886E47DCF0}.Release|Any CPU.ActiveCfg = Release|Any CPU
		{E4759D4C-8567-4CFE-A300-3F886E47DCF0}.Release|Any CPU.Build.0 = Release|Any CPU
	EndGlobalSection
	GlobalSection(SolutionProperties) = preSolution
		HideSolutionNode = FALSE
	EndGlobalSection
	GlobalSection(ExtensibilityGlobals) = postSolution
		SolutionGuid = {7DA1F80F-5C39-46FE-8486-789D82966AE4}
	EndGlobalSection
EndGlobal
