
Microsoft Visual Studio Solution File, Format Version 12.00
# Visual Studio Version 16
VisualStudioVersion = 16.0.33529.622
MinimumVisualStudioVersion = 10.0.40219.1
Project("{FAE04EC0-301F-11D3-BF4B-00C04F79EFBC}") = "SplitCost", "SplitCost\SplitCost.csproj", "{359797BA-0F7A-42D0-90DF-7ACDB8EFBA56}"
EndProject
Global
	GlobalSection(SolutionConfigurationPlatforms) = preSolution
		Debug|Any CPU = Debug|Any CPU
		Release|Any CPU = Release|Any CPU
	EndGlobalSection
	GlobalSection(ProjectConfigurationPlatforms) = postSolution
		{359797BA-0F7A-42D0-90DF-7ACDB8EFBA56}.Debug|Any CPU.ActiveCfg = Debug|Any CPU
		{359797BA-0F7A-42D0-90DF-7ACDB8EFBA56}.Debug|Any CPU.Build.0 = Debug|Any CPU
		{359797BA-0F7A-42D0-90DF-7ACDB8EFBA56}.Release|Any CPU.ActiveCfg = Release|Any CPU
		{359797BA-0F7A-42D0-90DF-7ACDB8EFBA56}.Release|Any CPU.Build.0 = Release|Any CPU
	EndGlobalSection
	GlobalSection(SolutionProperties) = preSolution
		HideSolutionNode = FALSE
	EndGlobalSection
	GlobalSection(ExtensibilityGlobals) = postSolution
		SolutionGuid = {5FBB123E-1757-4682-91EB-0850783FABE9}
	EndGlobalSection
EndGlobal
