
Microsoft Visual Studio Solution File, Format Version 12.00
# Visual Studio Version 16
VisualStudioVersion = 16.0.33529.622
MinimumVisualStudioVersion = 10.0.40219.1
Project("{FAE04EC0-301F-11D3-BF4B-00C04F79EFBC}") = "練習問題P97", "練習問題P97\練習問題P97.csproj", "{4381F3A2-A4C0-4F99-B3BB-16E8695B9CDE}"
EndProject
Global
	GlobalSection(SolutionConfigurationPlatforms) = preSolution
		Debug|Any CPU = Debug|Any CPU
		Release|Any CPU = Release|Any CPU
	EndGlobalSection
	GlobalSection(ProjectConfigurationPlatforms) = postSolution
		{4381F3A2-A4C0-4F99-B3BB-16E8695B9CDE}.Debug|Any CPU.ActiveCfg = Debug|Any CPU
		{4381F3A2-A4C0-4F99-B3BB-16E8695B9CDE}.Debug|Any CPU.Build.0 = Debug|Any CPU
		{4381F3A2-A4C0-4F99-B3BB-16E8695B9CDE}.Release|Any CPU.ActiveCfg = Release|Any CPU
		{4381F3A2-A4C0-4F99-B3BB-16E8695B9CDE}.Release|Any CPU.Build.0 = Release|Any CPU
	EndGlobalSection
	GlobalSection(SolutionProperties) = preSolution
		HideSolutionNode = FALSE
	EndGlobalSection
	GlobalSection(ExtensibilityGlobals) = postSolution
		SolutionGuid = {88C2A717-CFD0-432B-A14B-F92295306688}
	EndGlobalSection
EndGlobal
