
Microsoft Visual Studio Solution File, Format Version 12.00
# Visual Studio Version 16
VisualStudioVersion = 16.0.33529.622
MinimumVisualStudioVersion = 10.0.40219.1
Project("{FAE04EC0-301F-11D3-BF4B-00C04F79EFBC}") = "rensyuumondai4.1", "rensyuumondai4.1\rensyuumondai4.1.csproj", "{77004FCD-375D-4DC6-BC3D-C6D57A5A0253}"
EndProject
Global
	GlobalSection(SolutionConfigurationPlatforms) = preSolution
		Debug|Any CPU = Debug|Any CPU
		Release|Any CPU = Release|Any CPU
	EndGlobalSection
	GlobalSection(ProjectConfigurationPlatforms) = postSolution
		{77004FCD-375D-4DC6-BC3D-C6D57A5A0253}.Debug|Any CPU.ActiveCfg = Debug|Any CPU
		{77004FCD-375D-4DC6-BC3D-C6D57A5A0253}.Debug|Any CPU.Build.0 = Debug|Any CPU
		{77004FCD-375D-4DC6-BC3D-C6D57A5A0253}.Release|Any CPU.ActiveCfg = Release|Any CPU
		{77004FCD-375D-4DC6-BC3D-C6D57A5A0253}.Release|Any CPU.Build.0 = Release|Any CPU
	EndGlobalSection
	GlobalSection(SolutionProperties) = preSolution
		HideSolutionNode = FALSE
	EndGlobalSection
	GlobalSection(ExtensibilityGlobals) = postSolution
		SolutionGuid = {79680E86-00CD-43D0-957B-932C103C6BBD}
	EndGlobalSection
EndGlobal
