
Microsoft Visual Studio Solution File, Format Version 12.00
# Visual Studio Version 16
VisualStudioVersion = 16.0.29230.47
MinimumVisualStudioVersion = 10.0.40219.1
Project("{FAE04EC0-301F-11D3-BF4B-00C04F79EFBC}") = "ForSample", "ForSample\ForSample.csproj", "{58738E5E-0F58-4912-80E6-E94C6675D4C3}"
EndProject
Global
	GlobalSection(SolutionConfigurationPlatforms) = preSolution
		Debug|Any CPU = Debug|Any CPU
		Release|Any CPU = Release|Any CPU
	EndGlobalSection
	GlobalSection(ProjectConfigurationPlatforms) = postSolution
		{58738E5E-0F58-4912-80E6-E94C6675D4C3}.Debug|Any CPU.ActiveCfg = Debug|Any CPU
		{58738E5E-0F58-4912-80E6-E94C6675D4C3}.Debug|Any CPU.Build.0 = Debug|Any CPU
		{58738E5E-0F58-4912-80E6-E94C6675D4C3}.Release|Any CPU.ActiveCfg = Release|Any CPU
		{58738E5E-0F58-4912-80E6-E94C6675D4C3}.Release|Any CPU.Build.0 = Release|Any CPU
	EndGlobalSection
	GlobalSection(SolutionProperties) = preSolution
		HideSolutionNode = FALSE
	EndGlobalSection
	GlobalSection(ExtensibilityGlobals) = postSolution
		SolutionGuid = {68770C51-0C51-40D2-BEB6-093C02B8F98D}
	EndGlobalSection
EndGlobal
