
Microsoft Visual Studio Solution File, Format Version 12.00
# Visual Studio Version 16
VisualStudioVersion = 16.0.29306.81
MinimumVisualStudioVersion = 10.0.40219.1
Project("{FAE04EC0-301F-11D3-BF4B-00C04F79EFBC}") = "AlarmTimer", "AlarmTimer\AlarmTimer.csproj", "{8708EB0B-A4AC-45BA-8930-262FA2786EFE}"
EndProject
Global
	GlobalSection(SolutionConfigurationPlatforms) = preSolution
		Debug|Any CPU = Debug|Any CPU
		Release|Any CPU = Release|Any CPU
	EndGlobalSection
	GlobalSection(ProjectConfigurationPlatforms) = postSolution
		{8708EB0B-A4AC-45BA-8930-262FA2786EFE}.Debug|Any CPU.ActiveCfg = Debug|Any CPU
		{8708EB0B-A4AC-45BA-8930-262FA2786EFE}.Debug|Any CPU.Build.0 = Debug|Any CPU
		{8708EB0B-A4AC-45BA-8930-262FA2786EFE}.Release|Any CPU.ActiveCfg = Release|Any CPU
		{8708EB0B-A4AC-45BA-8930-262FA2786EFE}.Release|Any CPU.Build.0 = Release|Any CPU
	EndGlobalSection
	GlobalSection(SolutionProperties) = preSolution
		HideSolutionNode = FALSE
	EndGlobalSection
	GlobalSection(ExtensibilityGlobals) = postSolution
		SolutionGuid = {B5F6AFDC-3BAD-4C47-B28A-7E15373E4B5E}
	EndGlobalSection
EndGlobal
