
Microsoft Visual Studio Solution File, Format Version 12.00
# Visual Studio Version 16
VisualStudioVersion = 16.0.33529.622
MinimumVisualStudioVersion = 10.0.40219.1
Project("{FAE04EC0-301F-11D3-BF4B-00C04F79EFBC}") = "MultiAlarmP224", "MultiAlarmP224\MultiAlarmP224.csproj", "{425A55F2-6B44-4256-B8B6-A51E9E837295}"
EndProject
Global
	GlobalSection(SolutionConfigurationPlatforms) = preSolution
		Debug|Any CPU = Debug|Any CPU
		Release|Any CPU = Release|Any CPU
	EndGlobalSection
	GlobalSection(ProjectConfigurationPlatforms) = postSolution
		{425A55F2-6B44-4256-B8B6-A51E9E837295}.Debug|Any CPU.ActiveCfg = Debug|Any CPU
		{425A55F2-6B44-4256-B8B6-A51E9E837295}.Debug|Any CPU.Build.0 = Debug|Any CPU
		{425A55F2-6B44-4256-B8B6-A51E9E837295}.Release|Any CPU.ActiveCfg = Release|Any CPU
		{425A55F2-6B44-4256-B8B6-A51E9E837295}.Release|Any CPU.Build.0 = Release|Any CPU
	EndGlobalSection
	GlobalSection(SolutionProperties) = preSolution
		HideSolutionNode = FALSE
	EndGlobalSection
	GlobalSection(ExtensibilityGlobals) = postSolution
		SolutionGuid = {3142CF0E-71E9-4978-AAC9-AC3368170052}
	EndGlobalSection
EndGlobal
