
Microsoft Visual Studio Solution File, Format Version 12.00
# Visual Studio Version 16
VisualStudioVersion = 16.0.33529.622
MinimumVisualStudioVersion = 10.0.40219.1
Project("{FAE04EC0-301F-11D3-BF4B-00C04F79EFBC}") = "P265SwimmingSchedule", "P265SwimmingSchedule\P265SwimmingSchedule.csproj", "{DD91821E-C3E8-4E73-9D42-74B71DA21468}"
EndProject
Global
	GlobalSection(SolutionConfigurationPlatforms) = preSolution
		Debug|Any CPU = Debug|Any CPU
		Release|Any CPU = Release|Any CPU
	EndGlobalSection
	GlobalSection(ProjectConfigurationPlatforms) = postSolution
		{DD91821E-C3E8-4E73-9D42-74B71DA21468}.Debug|Any CPU.ActiveCfg = Debug|Any CPU
		{DD91821E-C3E8-4E73-9D42-74B71DA21468}.Debug|Any CPU.Build.0 = Debug|Any CPU
		{DD91821E-C3E8-4E73-9D42-74B71DA21468}.Release|Any CPU.ActiveCfg = Release|Any CPU
		{DD91821E-C3E8-4E73-9D42-74B71DA21468}.Release|Any CPU.Build.0 = Release|Any CPU
	EndGlobalSection
	GlobalSection(SolutionProperties) = preSolution
		HideSolutionNode = FALSE
	EndGlobalSection
	GlobalSection(ExtensibilityGlobals) = postSolution
		SolutionGuid = {0E1B73EE-B0D4-4F30-A822-C22ECE8A6E4E}
	EndGlobalSection
EndGlobal
