
Microsoft Visual Studio Solution File, Format Version 12.00
# Visual Studio Version 16
VisualStudioVersion = 16.0.33529.622
MinimumVisualStudioVersion = 10.0.40219.1
Project("{FAE04EC0-301F-11D3-BF4B-00C04F79EFBC}") = "WindowsFormsApp2", "WindowsFormsApp2\WindowsFormsApp2.csproj", "{9C9F655A-FFD1-480F-BB54-BE2A8435393B}"
EndProject
Global
	GlobalSection(SolutionConfigurationPlatforms) = preSolution
		Debug|Any CPU = Debug|Any CPU
		Release|Any CPU = Release|Any CPU
	EndGlobalSection
	GlobalSection(ProjectConfigurationPlatforms) = postSolution
		{9C9F655A-FFD1-480F-BB54-BE2A8435393B}.Debug|Any CPU.ActiveCfg = Debug|Any CPU
		{9C9F655A-FFD1-480F-BB54-BE2A8435393B}.Debug|Any CPU.Build.0 = Debug|Any CPU
		{9C9F655A-FFD1-480F-BB54-BE2A8435393B}.Release|Any CPU.ActiveCfg = Release|Any CPU
		{9C9F655A-FFD1-480F-BB54-BE2A8435393B}.Release|Any CPU.Build.0 = Release|Any CPU
	EndGlobalSection
	GlobalSection(SolutionProperties) = preSolution
		HideSolutionNode = FALSE
	EndGlobalSection
	GlobalSection(ExtensibilityGlobals) = postSolution
		SolutionGuid = {3D008C25-F5B7-4315-A3DD-8DEA36C720C3}
	EndGlobalSection
EndGlobal
