
Microsoft Visual Studio Solution File, Format Version 12.00
# Visual Studio Version 16
VisualStudioVersion = 16.0.33529.622
MinimumVisualStudioVersion = 10.0.40219.1
Project("{FAE04EC0-301F-11D3-BF4B-00C04F79EFBC}") = "Windowsフォームアプリケーション", "WindowsFormsApp2\Windowsフォームアプリケーション.csproj", "{44E2D26B-68AD-4362-A8AB-917F4ACF14C0}"
EndProject
Global
	GlobalSection(SolutionConfigurationPlatforms) = preSolution
		Debug|Any CPU = Debug|Any CPU
		Release|Any CPU = Release|Any CPU
	EndGlobalSection
	GlobalSection(ProjectConfigurationPlatforms) = postSolution
		{44E2D26B-68AD-4362-A8AB-917F4ACF14C0}.Debug|Any CPU.ActiveCfg = Debug|Any CPU
		{44E2D26B-68AD-4362-A8AB-917F4ACF14C0}.Debug|Any CPU.Build.0 = Debug|Any CPU
		{44E2D26B-68AD-4362-A8AB-917F4ACF14C0}.Release|Any CPU.ActiveCfg = Release|Any CPU
		{44E2D26B-68AD-4362-A8AB-917F4ACF14C0}.Release|Any CPU.Build.0 = Release|Any CPU
	EndGlobalSection
	GlobalSection(SolutionProperties) = preSolution
		HideSolutionNode = FALSE
	EndGlobalSection
	GlobalSection(ExtensibilityGlobals) = postSolution
		SolutionGuid = {8F6861C3-F691-4440-A9F1-9E4B1D3149C8}
	EndGlobalSection
EndGlobal
