
Microsoft Visual Studio Solution File, Format Version 12.00
# Visual Studio Version 16
VisualStudioVersion = 16.0.29306.81
MinimumVisualStudioVersion = 10.0.40219.1
Project("{FAE04EC0-301F-11D3-BF4B-00C04F79EFBC}") = "ListSample", "ListSample\ListSample.csproj", "{0C3ED43C-8BB6-47BC-8F94-F8EFC57BD752}"
EndProject
Global
	GlobalSection(SolutionConfigurationPlatforms) = preSolution
		Debug|Any CPU = Debug|Any CPU
		Release|Any CPU = Release|Any CPU
	EndGlobalSection
	GlobalSection(ProjectConfigurationPlatforms) = postSolution
		{0C3ED43C-8BB6-47BC-8F94-F8EFC57BD752}.Debug|Any CPU.ActiveCfg = Debug|Any CPU
		{0C3ED43C-8BB6-47BC-8F94-F8EFC57BD752}.Debug|Any CPU.Build.0 = Debug|Any CPU
		{0C3ED43C-8BB6-47BC-8F94-F8EFC57BD752}.Release|Any CPU.ActiveCfg = Release|Any CPU
		{0C3ED43C-8BB6-47BC-8F94-F8EFC57BD752}.Release|Any CPU.Build.0 = Release|Any CPU
	EndGlobalSection
	GlobalSection(SolutionProperties) = preSolution
		HideSolutionNode = FALSE
	EndGlobalSection
	GlobalSection(ExtensibilityGlobals) = postSolution
		SolutionGuid = {E55ADE48-889B-45CE-90C5-7765A19812F1}
	EndGlobalSection
EndGlobal
