
Microsoft Visual Studio Solution File, Format Version 12.00
# Visual Studio Version 16
VisualStudioVersion = 16.0.33529.622
MinimumVisualStudioVersion = 10.0.40219.1
Project("{FAE04EC0-301F-11D3-BF4B-00C04F79EFBC}") = "WeekOfDay 4練習", "WeekOfDay 4練習\WeekOfDay 4練習.csproj", "{CCD0F27F-DA91-45B0-8DC5-E1B9636371E8}"
EndProject
Global
	GlobalSection(SolutionConfigurationPlatforms) = preSolution
		Debug|Any CPU = Debug|Any CPU
		Release|Any CPU = Release|Any CPU
	EndGlobalSection
	GlobalSection(ProjectConfigurationPlatforms) = postSolution
		{CCD0F27F-DA91-45B0-8DC5-E1B9636371E8}.Debug|Any CPU.ActiveCfg = Debug|Any CPU
		{CCD0F27F-DA91-45B0-8DC5-E1B9636371E8}.Debug|Any CPU.Build.0 = Debug|Any CPU
		{CCD0F27F-DA91-45B0-8DC5-E1B9636371E8}.Release|Any CPU.ActiveCfg = Release|Any CPU
		{CCD0F27F-DA91-45B0-8DC5-E1B9636371E8}.Release|Any CPU.Build.0 = Release|Any CPU
	EndGlobalSection
	GlobalSection(SolutionProperties) = preSolution
		HideSolutionNode = FALSE
	EndGlobalSection
	GlobalSection(ExtensibilityGlobals) = postSolution
		SolutionGuid = {B1091DAC-8E84-4051-A148-E131C22895DC}
	EndGlobalSection
EndGlobal
