
Microsoft Visual Studio Solution File, Format Version 12.00
# Visual Studio Version 16
VisualStudioVersion = 16.0.33529.622
MinimumVisualStudioVersion = 10.0.40219.1
Project("{FAE04EC0-301F-11D3-BF4B-00C04F79EFBC}") = "教科書第3章練習問題", "教科書第3章練習問題\教科書第3章練習問題.csproj", "{D22D8FA9-C082-4F81-9DD0-C20FE229AE05}"
EndProject
Global
	GlobalSection(SolutionConfigurationPlatforms) = preSolution
		Debug|Any CPU = Debug|Any CPU
		Release|Any CPU = Release|Any CPU
	EndGlobalSection
	GlobalSection(ProjectConfigurationPlatforms) = postSolution
		{D22D8FA9-C082-4F81-9DD0-C20FE229AE05}.Debug|Any CPU.ActiveCfg = Debug|Any CPU
		{D22D8FA9-C082-4F81-9DD0-C20FE229AE05}.Debug|Any CPU.Build.0 = Debug|Any CPU
		{D22D8FA9-C082-4F81-9DD0-C20FE229AE05}.Release|Any CPU.ActiveCfg = Release|Any CPU
		{D22D8FA9-C082-4F81-9DD0-C20FE229AE05}.Release|Any CPU.Build.0 = Release|Any CPU
	EndGlobalSection
	GlobalSection(SolutionProperties) = preSolution
		HideSolutionNode = FALSE
	EndGlobalSection
	GlobalSection(ExtensibilityGlobals) = postSolution
		SolutionGuid = {01AAA2AE-26EF-41D3-A23F-202AD1ED116D}
	EndGlobalSection
EndGlobal
