
Microsoft Visual Studio Solution File, Format Version 12.00
# Visual Studio Version 17
VisualStudioVersion = 17.6.33815.320
MinimumVisualStudioVersion = 10.0.40219.1
Project("{FAE04EC0-301F-11D3-BF4B-00C04F79EFBC}") = "Fishing", "Fishing\Fishing.csproj", "{65E10628-CD81-4626-AEBA-A89D1963D558}"
EndProject
Global
	GlobalSection(SolutionConfigurationPlatforms) = preSolution
		Debug|Any CPU = Debug|Any CPU
		Release|Any CPU = Release|Any CPU
	EndGlobalSection
	GlobalSection(ProjectConfigurationPlatforms) = postSolution
		{65E10628-CD81-4626-AEBA-A89D1963D558}.Debug|Any CPU.ActiveCfg = Debug|Any CPU
		{65E10628-CD81-4626-AEBA-A89D1963D558}.Debug|Any CPU.Build.0 = Debug|Any CPU
		{65E10628-CD81-4626-AEBA-A89D1963D558}.Release|Any CPU.ActiveCfg = Release|Any CPU
		{65E10628-CD81-4626-AEBA-A89D1963D558}.Release|Any CPU.Build.0 = Release|Any CPU
	EndGlobalSection
	GlobalSection(SolutionProperties) = preSolution
		HideSolutionNode = FALSE
	EndGlobalSection
	GlobalSection(ExtensibilityGlobals) = postSolution
		SolutionGuid = {6E199C84-64FE-425D-9A95-CEB0F201FBF3}
	EndGlobalSection
EndGlobal
