
Microsoft Visual Studio Solution File, Format Version 12.00
# Visual Studio Version 16
VisualStudioVersion = 16.0.33529.622
MinimumVisualStudioVersion = 10.0.40219.1
Project("{FAE04EC0-301F-11D3-BF4B-00C04F79EFBC}") = "Fishing", "Fishing\Fishing.csproj", "{CEFF0440-1888-4CCA-813F-C050CF65ED63}"
EndProject
Global
	GlobalSection(SolutionConfigurationPlatforms) = preSolution
		Debug|Any CPU = Debug|Any CPU
		Release|Any CPU = Release|Any CPU
	EndGlobalSection
	GlobalSection(ProjectConfigurationPlatforms) = postSolution
		{CEFF0440-1888-4CCA-813F-C050CF65ED63}.Debug|Any CPU.ActiveCfg = Debug|Any CPU
		{CEFF0440-1888-4CCA-813F-C050CF65ED63}.Debug|Any CPU.Build.0 = Debug|Any CPU
		{CEFF0440-1888-4CCA-813F-C050CF65ED63}.Release|Any CPU.ActiveCfg = Release|Any CPU
		{CEFF0440-1888-4CCA-813F-C050CF65ED63}.Release|Any CPU.Build.0 = Release|Any CPU
	EndGlobalSection
	GlobalSection(SolutionProperties) = preSolution
		HideSolutionNode = FALSE
	EndGlobalSection
	GlobalSection(ExtensibilityGlobals) = postSolution
		SolutionGuid = {4858074E-CB39-4E4B-ABD6-2A0CAF6F6BE0}
	EndGlobalSection
EndGlobal
