
Microsoft Visual Studio Solution File, Format Version 12.00
# Visual Studio Version 16
VisualStudioVersion = 16.0.33529.622
MinimumVisualStudioVersion = 10.0.40219.1
Project("{FAE04EC0-301F-11D3-BF4B-00C04F79EFBC}") = "Fishing", "Fishing\Fishing.csproj", "{3282170A-158C-4CAA-AD10-F2A6DAA3B572}"
EndProject
Global
	GlobalSection(SolutionConfigurationPlatforms) = preSolution
		Debug|Any CPU = Debug|Any CPU
		Release|Any CPU = Release|Any CPU
	EndGlobalSection
	GlobalSection(ProjectConfigurationPlatforms) = postSolution
		{3282170A-158C-4CAA-AD10-F2A6DAA3B572}.Debug|Any CPU.ActiveCfg = Debug|Any CPU
		{3282170A-158C-4CAA-AD10-F2A6DAA3B572}.Debug|Any CPU.Build.0 = Debug|Any CPU
		{3282170A-158C-4CAA-AD10-F2A6DAA3B572}.Release|Any CPU.ActiveCfg = Release|Any CPU
		{3282170A-158C-4CAA-AD10-F2A6DAA3B572}.Release|Any CPU.Build.0 = Release|Any CPU
	EndGlobalSection
	GlobalSection(SolutionProperties) = preSolution
		HideSolutionNode = FALSE
	EndGlobalSection
	GlobalSection(ExtensibilityGlobals) = postSolution
		SolutionGuid = {A18B910A-C722-4E0E-802B-0B0AF10D0C0D}
	EndGlobalSection
EndGlobal
