
Microsoft Visual Studio Solution File, Format Version 12.00
# Visual Studio Version 16
VisualStudioVersion = 16.0.33529.622
MinimumVisualStudioVersion = 10.0.40219.1
Project("{FAE04EC0-301F-11D3-BF4B-00C04F79EFBC}") = "p63練習問題", "p63練習問題\p63練習問題.csproj", "{1C0EE0CF-75BA-423B-934B-3D931ACD36DF}"
EndProject
Global
	GlobalSection(SolutionConfigurationPlatforms) = preSolution
		Debug|Any CPU = Debug|Any CPU
		Release|Any CPU = Release|Any CPU
	EndGlobalSection
	GlobalSection(ProjectConfigurationPlatforms) = postSolution
		{1C0EE0CF-75BA-423B-934B-3D931ACD36DF}.Debug|Any CPU.ActiveCfg = Debug|Any CPU
		{1C0EE0CF-75BA-423B-934B-3D931ACD36DF}.Debug|Any CPU.Build.0 = Debug|Any CPU
		{1C0EE0CF-75BA-423B-934B-3D931ACD36DF}.Release|Any CPU.ActiveCfg = Release|Any CPU
		{1C0EE0CF-75BA-423B-934B-3D931ACD36DF}.Release|Any CPU.Build.0 = Release|Any CPU
	EndGlobalSection
	GlobalSection(SolutionProperties) = preSolution
		HideSolutionNode = FALSE
	EndGlobalSection
	GlobalSection(ExtensibilityGlobals) = postSolution
		SolutionGuid = {3E979854-3DCE-4E4A-B2BE-A018ACBDC465}
	EndGlobalSection
EndGlobal
