
Microsoft Visual Studio Solution File, Format Version 12.00
# Visual Studio Version 16
VisualStudioVersion = 16.0.29306.81
MinimumVisualStudioVersion = 10.0.40219.1
Project("{FAE04EC0-301F-11D3-BF4B-00C04F79EFBC}") = "FileIOSample", "FileIOSample\FileIOSample.csproj", "{3B4C6F70-3F61-450C-985B-6B13EB313CDF}"
EndProject
Global
	GlobalSection(SolutionConfigurationPlatforms) = preSolution
		Debug|Any CPU = Debug|Any CPU
		Release|Any CPU = Release|Any CPU
	EndGlobalSection
	GlobalSection(ProjectConfigurationPlatforms) = postSolution
		{3B4C6F70-3F61-450C-985B-6B13EB313CDF}.Debug|Any CPU.ActiveCfg = Debug|Any CPU
		{3B4C6F70-3F61-450C-985B-6B13EB313CDF}.Debug|Any CPU.Build.0 = Debug|Any CPU
		{3B4C6F70-3F61-450C-985B-6B13EB313CDF}.Release|Any CPU.ActiveCfg = Release|Any CPU
		{3B4C6F70-3F61-450C-985B-6B13EB313CDF}.Release|Any CPU.Build.0 = Release|Any CPU
	EndGlobalSection
	GlobalSection(SolutionProperties) = preSolution
		HideSolutionNode = FALSE
	EndGlobalSection
	GlobalSection(ExtensibilityGlobals) = postSolution
		SolutionGuid = {CBD65474-A9FD-44A8-A8F2-52C79C5BB45D}
	EndGlobalSection
EndGlobal
