
Microsoft Visual Studio Solution File, Format Version 12.00
# Visual Studio Version 16
VisualStudioVersion = 16.0.29306.81
MinimumVisualStudioVersion = 10.0.40219.1
Project("{FAE04EC0-301F-11D3-BF4B-00C04F79EFBC}") = "UpCastSample", "UpCastSample\UpCastSample.csproj", "{CBCE5B86-9209-41B5-894D-DE0A175756B6}"
EndProject
Global
	GlobalSection(SolutionConfigurationPlatforms) = preSolution
		Debug|Any CPU = Debug|Any CPU
		Release|Any CPU = Release|Any CPU
	EndGlobalSection
	GlobalSection(ProjectConfigurationPlatforms) = postSolution
		{CBCE5B86-9209-41B5-894D-DE0A175756B6}.Debug|Any CPU.ActiveCfg = Debug|Any CPU
		{CBCE5B86-9209-41B5-894D-DE0A175756B6}.Debug|Any CPU.Build.0 = Debug|Any CPU
		{CBCE5B86-9209-41B5-894D-DE0A175756B6}.Release|Any CPU.ActiveCfg = Release|Any CPU
		{CBCE5B86-9209-41B5-894D-DE0A175756B6}.Release|Any CPU.Build.0 = Release|Any CPU
	EndGlobalSection
	GlobalSection(SolutionProperties) = preSolution
		HideSolutionNode = FALSE
	EndGlobalSection
	GlobalSection(ExtensibilityGlobals) = postSolution
		SolutionGuid = {86515A4F-5598-4F1A-A443-73C7539090F5}
	EndGlobalSection
EndGlobal
