
Microsoft Visual Studio Solution File, Format Version 12.00
# Visual Studio Version 16
VisualStudioVersion = 16.0.29306.81
MinimumVisualStudioVersion = 10.0.40219.1
Project("{FAE04EC0-301F-11D3-BF4B-00C04F79EFBC}") = "VirtualSample", "VirtualSample\VirtualSample.csproj", "{82E40813-1575-4CFB-A7C6-143465C61D9B}"
EndProject
Global
	GlobalSection(SolutionConfigurationPlatforms) = preSolution
		Debug|Any CPU = Debug|Any CPU
		Release|Any CPU = Release|Any CPU
	EndGlobalSection
	GlobalSection(ProjectConfigurationPlatforms) = postSolution
		{82E40813-1575-4CFB-A7C6-143465C61D9B}.Debug|Any CPU.ActiveCfg = Debug|Any CPU
		{82E40813-1575-4CFB-A7C6-143465C61D9B}.Debug|Any CPU.Build.0 = Debug|Any CPU
		{82E40813-1575-4CFB-A7C6-143465C61D9B}.Release|Any CPU.ActiveCfg = Release|Any CPU
		{82E40813-1575-4CFB-A7C6-143465C61D9B}.Release|Any CPU.Build.0 = Release|Any CPU
	EndGlobalSection
	GlobalSection(SolutionProperties) = preSolution
		HideSolutionNode = FALSE
	EndGlobalSection
	GlobalSection(ExtensibilityGlobals) = postSolution
		SolutionGuid = {01CFB491-7383-49B4-A6BA-F36EB1A2A00D}
	EndGlobalSection
EndGlobal
