
Microsoft Visual Studio Solution File, Format Version 12.00
# Visual Studio Version 16
VisualStudioVersion = 16.0.32630.194
MinimumVisualStudioVersion = 10.0.40219.1
Project("{FAE04EC0-301F-11D3-BF4B-00C04F79EFBC}") = "Chapter4_Week-Of-Day", "Chapter4_Week-Of-Day\Chapter4_Week-Of-Day.csproj", "{B041CF12-4C54-4EF8-932C-0474B3D96272}"
EndProject
Global
	GlobalSection(SolutionConfigurationPlatforms) = preSolution
		Debug|Any CPU = Debug|Any CPU
		Release|Any CPU = Release|Any CPU
	EndGlobalSection
	GlobalSection(ProjectConfigurationPlatforms) = postSolution
		{B041CF12-4C54-4EF8-932C-0474B3D96272}.Debug|Any CPU.ActiveCfg = Debug|Any CPU
		{B041CF12-4C54-4EF8-932C-0474B3D96272}.Debug|Any CPU.Build.0 = Debug|Any CPU
		{B041CF12-4C54-4EF8-932C-0474B3D96272}.Release|Any CPU.ActiveCfg = Release|Any CPU
		{B041CF12-4C54-4EF8-932C-0474B3D96272}.Release|Any CPU.Build.0 = Release|Any CPU
	EndGlobalSection
	GlobalSection(SolutionProperties) = preSolution
		HideSolutionNode = FALSE
	EndGlobalSection
	GlobalSection(ExtensibilityGlobals) = postSolution
		SolutionGuid = {4A796284-4512-405C-9240-E226053181DA}
	EndGlobalSection
EndGlobal
