
Microsoft Visual Studio Solution File, Format Version 12.00
# Visual Studio Version 16
VisualStudioVersion = 16.0.29306.81
MinimumVisualStudioVersion = 10.0.40219.1
Project("{FAE04EC0-301F-11D3-BF4B-00C04F79EFBC}") = "WindowsFormsApp2", "WindowsFormsApp2\WindowsFormsApp2.csproj", "{4256E18F-785E-48B8-9617-5CED31328034}"
EndProject
Global
	GlobalSection(SolutionConfigurationPlatforms) = preSolution
		Debug|Any CPU = Debug|Any CPU
		Release|Any CPU = Release|Any CPU
	EndGlobalSection
	GlobalSection(ProjectConfigurationPlatforms) = postSolution
		{4256E18F-785E-48B8-9617-5CED31328034}.Debug|Any CPU.ActiveCfg = Debug|Any CPU
		{4256E18F-785E-48B8-9617-5CED31328034}.Debug|Any CPU.Build.0 = Debug|Any CPU
		{4256E18F-785E-48B8-9617-5CED31328034}.Release|Any CPU.ActiveCfg = Release|Any CPU
		{4256E18F-785E-48B8-9617-5CED31328034}.Release|Any CPU.Build.0 = Release|Any CPU
	EndGlobalSection
	GlobalSection(SolutionProperties) = preSolution
		HideSolutionNode = FALSE
	EndGlobalSection
	GlobalSection(ExtensibilityGlobals) = postSolution
		SolutionGuid = {4CEB12DB-EF6F-4887-8DB9-3C07BA75B21F}
	EndGlobalSection
EndGlobal
