
Microsoft Visual Studio Solution File, Format Version 12.00
# Visual Studio Version 16
VisualStudioVersion = 16.0.29306.81
MinimumVisualStudioVersion = 10.0.40219.1
Project("{FAE04EC0-301F-11D3-BF4B-00C04F79EFBC}") = "StringSample", "StringSample\StringSample.csproj", "{6B3D8B5A-9546-4999-ADE1-56BD54B7617E}"
EndProject
Global
	GlobalSection(SolutionConfigurationPlatforms) = preSolution
		Debug|Any CPU = Debug|Any CPU
		Release|Any CPU = Release|Any CPU
	EndGlobalSection
	GlobalSection(ProjectConfigurationPlatforms) = postSolution
		{6B3D8B5A-9546-4999-ADE1-56BD54B7617E}.Debug|Any CPU.ActiveCfg = Debug|Any CPU
		{6B3D8B5A-9546-4999-ADE1-56BD54B7617E}.Debug|Any CPU.Build.0 = Debug|Any CPU
		{6B3D8B5A-9546-4999-ADE1-56BD54B7617E}.Release|Any CPU.ActiveCfg = Release|Any CPU
		{6B3D8B5A-9546-4999-ADE1-56BD54B7617E}.Release|Any CPU.Build.0 = Release|Any CPU
	EndGlobalSection
	GlobalSection(SolutionProperties) = preSolution
		HideSolutionNode = FALSE
	EndGlobalSection
	GlobalSection(ExtensibilityGlobals) = postSolution
		SolutionGuid = {D9FDBA56-0233-4952-B874-40CB491E0A14}
	EndGlobalSection
EndGlobal
