
Microsoft Visual Studio Solution File, Format Version 12.00
# Visual Studio Version 16
VisualStudioVersion = 16.0.33529.622
MinimumVisualStudioVersion = 10.0.40219.1
Project("{FAE04EC0-301F-11D3-BF4B-00C04F79EFBC}") = "WeekOfDay", "test3\WeekOfDay.csproj", "{45B08FA2-DC8C-445C-B087-9BA8FF7CA401}"
EndProject
Global
	GlobalSection(SolutionConfigurationPlatforms) = preSolution
		Debug|Any CPU = Debug|Any CPU
		Release|Any CPU = Release|Any CPU
	EndGlobalSection
	GlobalSection(ProjectConfigurationPlatforms) = postSolution
		{45B08FA2-DC8C-445C-B087-9BA8FF7CA401}.Debug|Any CPU.ActiveCfg = Debug|Any CPU
		{45B08FA2-DC8C-445C-B087-9BA8FF7CA401}.Debug|Any CPU.Build.0 = Debug|Any CPU
		{45B08FA2-DC8C-445C-B087-9BA8FF7CA401}.Release|Any CPU.ActiveCfg = Release|Any CPU
		{45B08FA2-DC8C-445C-B087-9BA8FF7CA401}.Release|Any CPU.Build.0 = Release|Any CPU
	EndGlobalSection
	GlobalSection(SolutionProperties) = preSolution
		HideSolutionNode = FALSE
	EndGlobalSection
	GlobalSection(ExtensibilityGlobals) = postSolution
		SolutionGuid = {7366AA6B-930F-470E-AAA7-46F8ED2BE497}
	EndGlobalSection
EndGlobal
