
Microsoft Visual Studio Solution File, Format Version 12.00
# Visual Studio Version 16
VisualStudioVersion = 16.0.33529.622
MinimumVisualStudioVersion = 10.0.40219.1
Project("{FAE04EC0-301F-11D3-BF4B-00C04F79EFBC}") = "WeekOfDay", "WeekOfDay\WeekOfDay.csproj", "{781BFB2B-50A4-45BA-8400-A1E8835BB2B7}"
EndProject
Project("{2150E333-8FDC-42A3-9474-1A3956D46DE8}") = "Solution Items", "Solution Items", "{8BDF51B9-9413-4B91-992F-49C2A6908B4E}"
	ProjectSection(SolutionItems) = preProject
		.editorconfig = .editorconfig
	EndProjectSection
EndProject
Global
	GlobalSection(SolutionConfigurationPlatforms) = preSolution
		Debug|Any CPU = Debug|Any CPU
		Release|Any CPU = Release|Any CPU
	EndGlobalSection
	GlobalSection(ProjectConfigurationPlatforms) = postSolution
		{781BFB2B-50A4-45BA-8400-A1E8835BB2B7}.Debug|Any CPU.ActiveCfg = Debug|Any CPU
		{781BFB2B-50A4-45BA-8400-A1E8835BB2B7}.Debug|Any CPU.Build.0 = Debug|Any CPU
		{781BFB2B-50A4-45BA-8400-A1E8835BB2B7}.Release|Any CPU.ActiveCfg = Release|Any CPU
		{781BFB2B-50A4-45BA-8400-A1E8835BB2B7}.Release|Any CPU.Build.0 = Release|Any CPU
	EndGlobalSection
	GlobalSection(SolutionProperties) = preSolution
		HideSolutionNode = FALSE
	EndGlobalSection
	GlobalSection(ExtensibilityGlobals) = postSolution
		SolutionGuid = {AC681679-3BF0-48F2-B088-70419A90E30D}
	EndGlobalSection
EndGlobal
