
Microsoft Visual Studio Solution File, Format Version 12.00
# Visual Studio Version 16
VisualStudioVersion = 16.0.33529.622
MinimumVisualStudioVersion = 10.0.40219.1
Project("{FAE04EC0-301F-11D3-BF4B-00C04F79EFBC}") = "Guess", "Guess\Guess.csproj", "{CBD78442-5FAD-43A2-AB03-9111A1392DF2}"
EndProject
Global
	GlobalSection(SolutionConfigurationPlatforms) = preSolution
		Debug|Any CPU = Debug|Any CPU
		Release|Any CPU = Release|Any CPU
	EndGlobalSection
	GlobalSection(ProjectConfigurationPlatforms) = postSolution
		{CBD78442-5FAD-43A2-AB03-9111A1392DF2}.Debug|Any CPU.ActiveCfg = Debug|Any CPU
		{CBD78442-5FAD-43A2-AB03-9111A1392DF2}.Debug|Any CPU.Build.0 = Debug|Any CPU
		{CBD78442-5FAD-43A2-AB03-9111A1392DF2}.Release|Any CPU.ActiveCfg = Release|Any CPU
		{CBD78442-5FAD-43A2-AB03-9111A1392DF2}.Release|Any CPU.Build.0 = Release|Any CPU
	EndGlobalSection
	GlobalSection(SolutionProperties) = preSolution
		HideSolutionNode = FALSE
	EndGlobalSection
	GlobalSection(ExtensibilityGlobals) = postSolution
		SolutionGuid = {1309F7FD-F4D0-4B7C-ADA0-2066844477AD}
	EndGlobalSection
EndGlobal
