
Microsoft Visual Studio Solution File, Format Version 12.00
# Visual Studio Version 16
VisualStudioVersion = 16.0.33529.622
MinimumVisualStudioVersion = 10.0.40219.1
Project("{FAE04EC0-301F-11D3-BF4B-00C04F79EFBC}") = "Guess", "Guess\Guess.csproj", "{1B675470-5599-4446-AF4F-8D117B3672F8}"
EndProject
Global
	GlobalSection(SolutionConfigurationPlatforms) = preSolution
		Debug|Any CPU = Debug|Any CPU
		Release|Any CPU = Release|Any CPU
	EndGlobalSection
	GlobalSection(ProjectConfigurationPlatforms) = postSolution
		{1B675470-5599-4446-AF4F-8D117B3672F8}.Debug|Any CPU.ActiveCfg = Debug|Any CPU
		{1B675470-5599-4446-AF4F-8D117B3672F8}.Debug|Any CPU.Build.0 = Debug|Any CPU
		{1B675470-5599-4446-AF4F-8D117B3672F8}.Release|Any CPU.ActiveCfg = Release|Any CPU
		{1B675470-5599-4446-AF4F-8D117B3672F8}.Release|Any CPU.Build.0 = Release|Any CPU
	EndGlobalSection
	GlobalSection(SolutionProperties) = preSolution
		HideSolutionNode = FALSE
	EndGlobalSection
	GlobalSection(ExtensibilityGlobals) = postSolution
		SolutionGuid = {11904BEB-9F3C-4298-B0BC-2A2DDCE28799}
	EndGlobalSection
EndGlobal
