
Microsoft Visual Studio Solution File, Format Version 12.00
# Visual Studio Version 17
VisualStudioVersion = 17.5.33530.505
MinimumVisualStudioVersion = 10.0.40219.1
Project("{FAE04EC0-301F-11D3-BF4B-00C04F79EFBC}") = "Guess", "Guess\Guess.csproj", "{7E5EDA93-4C22-401B-BED7-29D58CFB5B44}"
EndProject
Global
	GlobalSection(SolutionConfigurationPlatforms) = preSolution
		Debug|Any CPU = Debug|Any CPU
		Release|Any CPU = Release|Any CPU
	EndGlobalSection
	GlobalSection(ProjectConfigurationPlatforms) = postSolution
		{7E5EDA93-4C22-401B-BED7-29D58CFB5B44}.Debug|Any CPU.ActiveCfg = Debug|Any CPU
		{7E5EDA93-4C22-401B-BED7-29D58CFB5B44}.Debug|Any CPU.Build.0 = Debug|Any CPU
		{7E5EDA93-4C22-401B-BED7-29D58CFB5B44}.Release|Any CPU.ActiveCfg = Release|Any CPU
		{7E5EDA93-4C22-401B-BED7-29D58CFB5B44}.Release|Any CPU.Build.0 = Release|Any CPU
	EndGlobalSection
	GlobalSection(SolutionProperties) = preSolution
		HideSolutionNode = FALSE
	EndGlobalSection
	GlobalSection(ExtensibilityGlobals) = postSolution
		SolutionGuid = {36CAE6D4-C834-4790-9C13-E0753EE7626E}
	EndGlobalSection
EndGlobal
