
Microsoft Visual Studio Solution File, Format Version 12.00
# Visual Studio Version 16
VisualStudioVersion = 16.0.29306.81
MinimumVisualStudioVersion = 10.0.40219.1
Project("{FAE04EC0-301F-11D3-BF4B-00C04F79EFBC}") = "MakeTrailer", "MakeTrailer\MakeTrailer.csproj", "{50DC217F-3FF6-49B2-925B-A93333BE350C}"
EndProject
Global
	GlobalSection(SolutionConfigurationPlatforms) = preSolution
		Debug|Any CPU = Debug|Any CPU
		Release|Any CPU = Release|Any CPU
	EndGlobalSection
	GlobalSection(ProjectConfigurationPlatforms) = postSolution
		{50DC217F-3FF6-49B2-925B-A93333BE350C}.Debug|Any CPU.ActiveCfg = Debug|Any CPU
		{50DC217F-3FF6-49B2-925B-A93333BE350C}.Debug|Any CPU.Build.0 = Debug|Any CPU
		{50DC217F-3FF6-49B2-925B-A93333BE350C}.Release|Any CPU.ActiveCfg = Release|Any CPU
		{50DC217F-3FF6-49B2-925B-A93333BE350C}.Release|Any CPU.Build.0 = Release|Any CPU
	EndGlobalSection
	GlobalSection(SolutionProperties) = preSolution
		HideSolutionNode = FALSE
	EndGlobalSection
	GlobalSection(ExtensibilityGlobals) = postSolution
		SolutionGuid = {2AF66D9D-D96A-4671-B008-AE1E23153035}
	EndGlobalSection
EndGlobal
