
Microsoft Visual Studio Solution File, Format Version 12.00
# Visual Studio Version 16
VisualStudioVersion = 16.0.29306.81
MinimumVisualStudioVersion = 10.0.40219.1
Project("{FAE04EC0-301F-11D3-BF4B-00C04F79EFBC}") = "ArraySample2", "ArraySample2\ArraySample2.csproj", "{3D05A2A1-038B-43E9-BA05-162B77F8F4C7}"
EndProject
Global
	GlobalSection(SolutionConfigurationPlatforms) = preSolution
		Debug|Any CPU = Debug|Any CPU
		Release|Any CPU = Release|Any CPU
	EndGlobalSection
	GlobalSection(ProjectConfigurationPlatforms) = postSolution
		{3D05A2A1-038B-43E9-BA05-162B77F8F4C7}.Debug|Any CPU.ActiveCfg = Debug|Any CPU
		{3D05A2A1-038B-43E9-BA05-162B77F8F4C7}.Debug|Any CPU.Build.0 = Debug|Any CPU
		{3D05A2A1-038B-43E9-BA05-162B77F8F4C7}.Release|Any CPU.ActiveCfg = Release|Any CPU
		{3D05A2A1-038B-43E9-BA05-162B77F8F4C7}.Release|Any CPU.Build.0 = Release|Any CPU
	EndGlobalSection
	GlobalSection(SolutionProperties) = preSolution
		HideSolutionNode = FALSE
	EndGlobalSection
	GlobalSection(ExtensibilityGlobals) = postSolution
		SolutionGuid = {16464456-4E28-48B9-B769-C2DCF0FB0698}
	EndGlobalSection
EndGlobal
