
Microsoft Visual Studio Solution File, Format Version 12.00
# Visual Studio Version 16
VisualStudioVersion = 16.0.29306.81
MinimumVisualStudioVersion = 10.0.40219.1
Project("{FAE04EC0-301F-11D3-BF4B-00C04F79EFBC}") = "CardsWar", "CardsWar\CardsWar.csproj", "{3E9646CA-9323-473A-B279-61AFF61BF0E4}"
EndProject
Global
	GlobalSection(SolutionConfigurationPlatforms) = preSolution
		Debug|Any CPU = Debug|Any CPU
		Release|Any CPU = Release|Any CPU
	EndGlobalSection
	GlobalSection(ProjectConfigurationPlatforms) = postSolution
		{3E9646CA-9323-473A-B279-61AFF61BF0E4}.Debug|Any CPU.ActiveCfg = Debug|Any CPU
		{3E9646CA-9323-473A-B279-61AFF61BF0E4}.Debug|Any CPU.Build.0 = Debug|Any CPU
		{3E9646CA-9323-473A-B279-61AFF61BF0E4}.Release|Any CPU.ActiveCfg = Release|Any CPU
		{3E9646CA-9323-473A-B279-61AFF61BF0E4}.Release|Any CPU.Build.0 = Release|Any CPU
	EndGlobalSection
	GlobalSection(SolutionProperties) = preSolution
		HideSolutionNode = FALSE
	EndGlobalSection
	GlobalSection(ExtensibilityGlobals) = postSolution
		SolutionGuid = {E1F5D0CF-1C7C-46C4-83DA-758D37B1F380}
	EndGlobalSection
EndGlobal
