
Microsoft Visual Studio Solution File, Format Version 12.00
# Visual Studio Version 16
VisualStudioVersion = 16.0.33529.622
MinimumVisualStudioVersion = 10.0.40219.1
Project("{FAE04EC0-301F-11D3-BF4B-00C04F79EFBC}") = "MultiAlarm", "MultiAlarm.csproj", "{50A3364C-7C3E-436A-BCF5-3F6F6A3145D0}"
EndProject
Global
	GlobalSection(SolutionConfigurationPlatforms) = preSolution
		Debug|Any CPU = Debug|Any CPU
		Release|Any CPU = Release|Any CPU
	EndGlobalSection
	GlobalSection(ProjectConfigurationPlatforms) = postSolution
		{50A3364C-7C3E-436A-BCF5-3F6F6A3145D0}.Debug|Any CPU.ActiveCfg = Debug|Any CPU
		{50A3364C-7C3E-436A-BCF5-3F6F6A3145D0}.Debug|Any CPU.Build.0 = Debug|Any CPU
		{50A3364C-7C3E-436A-BCF5-3F6F6A3145D0}.Release|Any CPU.ActiveCfg = Release|Any CPU
		{50A3364C-7C3E-436A-BCF5-3F6F6A3145D0}.Release|Any CPU.Build.0 = Release|Any CPU
	EndGlobalSection
	GlobalSection(SolutionProperties) = preSolution
		HideSolutionNode = FALSE
	EndGlobalSection
	GlobalSection(ExtensibilityGlobals) = postSolution
		SolutionGuid = {C155D1AE-16A4-45F8-88D2-A1235970C2F6}
	EndGlobalSection
EndGlobal
