
Microsoft Visual Studio Solution File, Format Version 12.00
# Visual Studio Version 16
VisualStudioVersion = 16.0.33529.622
MinimumVisualStudioVersion = 10.0.40219.1
Project("{FAE04EC0-301F-11D3-BF4B-00C04F79EFBC}") = "MultiAlarm", "MultiAlarm\MultiAlarm.csproj", "{7D483504-8311-40A5-9F76-BD948BAC550B}"
EndProject
Global
	GlobalSection(SolutionConfigurationPlatforms) = preSolution
		Debug|Any CPU = Debug|Any CPU
		Release|Any CPU = Release|Any CPU
	EndGlobalSection
	GlobalSection(ProjectConfigurationPlatforms) = postSolution
		{7D483504-8311-40A5-9F76-BD948BAC550B}.Debug|Any CPU.ActiveCfg = Debug|Any CPU
		{7D483504-8311-40A5-9F76-BD948BAC550B}.Debug|Any CPU.Build.0 = Debug|Any CPU
		{7D483504-8311-40A5-9F76-BD948BAC550B}.Release|Any CPU.ActiveCfg = Release|Any CPU
		{7D483504-8311-40A5-9F76-BD948BAC550B}.Release|Any CPU.Build.0 = Release|Any CPU
	EndGlobalSection
	GlobalSection(SolutionProperties) = preSolution
		HideSolutionNode = FALSE
	EndGlobalSection
	GlobalSection(ExtensibilityGlobals) = postSolution
		SolutionGuid = {282EB508-2BD7-43B3-936A-4B44CC715CBF}
	EndGlobalSection
EndGlobal
