
Microsoft Visual Studio Solution File, Format Version 12.00
# Visual Studio Version 16
VisualStudioVersion = 16.0.33529.622
MinimumVisualStudioVersion = 10.0.40219.1
Project("{FAE04EC0-301F-11D3-BF4B-00C04F79EFBC}") = "ControlCheck", "ControlCheck\ControlCheck.csproj", "{21B3A5A3-4E22-44B2-B515-515193694AB4}"
EndProject
Global
	GlobalSection(SolutionConfigurationPlatforms) = preSolution
		Debug|Any CPU = Debug|Any CPU
		Release|Any CPU = Release|Any CPU
	EndGlobalSection
	GlobalSection(ProjectConfigurationPlatforms) = postSolution
		{21B3A5A3-4E22-44B2-B515-515193694AB4}.Debug|Any CPU.ActiveCfg = Debug|Any CPU
		{21B3A5A3-4E22-44B2-B515-515193694AB4}.Debug|Any CPU.Build.0 = Debug|Any CPU
		{21B3A5A3-4E22-44B2-B515-515193694AB4}.Release|Any CPU.ActiveCfg = Release|Any CPU
		{21B3A5A3-4E22-44B2-B515-515193694AB4}.Release|Any CPU.Build.0 = Release|Any CPU
	EndGlobalSection
	GlobalSection(SolutionProperties) = preSolution
		HideSolutionNode = FALSE
	EndGlobalSection
	GlobalSection(ExtensibilityGlobals) = postSolution
		SolutionGuid = {BF6E9E5A-B494-4681-ACAE-21AA46720651}
	EndGlobalSection
EndGlobal
