
Microsoft Visual Studio Solution File, Format Version 12.00
# Visual Studio Version 16
VisualStudioVersion = 16.0.33529.622
MinimumVisualStudioVersion = 10.0.40219.1
Project("{FAE04EC0-301F-11D3-BF4B-00C04F79EFBC}") = "ControlCheck", "ControlCheck\ControlCheck.csproj", "{20644AFD-812F-47E6-A722-AA2C602D2CB8}"
EndProject
Global
	GlobalSection(SolutionConfigurationPlatforms) = preSolution
		Debug|Any CPU = Debug|Any CPU
		Release|Any CPU = Release|Any CPU
	EndGlobalSection
	GlobalSection(ProjectConfigurationPlatforms) = postSolution
		{20644AFD-812F-47E6-A722-AA2C602D2CB8}.Debug|Any CPU.ActiveCfg = Debug|Any CPU
		{20644AFD-812F-47E6-A722-AA2C602D2CB8}.Debug|Any CPU.Build.0 = Debug|Any CPU
		{20644AFD-812F-47E6-A722-AA2C602D2CB8}.Release|Any CPU.ActiveCfg = Release|Any CPU
		{20644AFD-812F-47E6-A722-AA2C602D2CB8}.Release|Any CPU.Build.0 = Release|Any CPU
	EndGlobalSection
	GlobalSection(SolutionProperties) = preSolution
		HideSolutionNode = FALSE
	EndGlobalSection
	GlobalSection(ExtensibilityGlobals) = postSolution
		SolutionGuid = {B8DAC46D-295B-4784-A3A7-1CA5BD5C93E3}
	EndGlobalSection
EndGlobal
