
Microsoft Visual Studio Solution File, Format Version 12.00
# Visual Studio Version 16
VisualStudioVersion = 16.0.33529.622
MinimumVisualStudioVersion = 10.0.40219.1
Project("{FAE04EC0-301F-11D3-BF4B-00C04F79EFBC}") = "MultiAlarm2", "MultiAlarm2\MultiAlarm2.csproj", "{C982A1D0-9660-4CA8-9CF6-D64002E6E081}"
EndProject
Global
	GlobalSection(SolutionConfigurationPlatforms) = preSolution
		Debug|Any CPU = Debug|Any CPU
		Release|Any CPU = Release|Any CPU
	EndGlobalSection
	GlobalSection(ProjectConfigurationPlatforms) = postSolution
		{C982A1D0-9660-4CA8-9CF6-D64002E6E081}.Debug|Any CPU.ActiveCfg = Debug|Any CPU
		{C982A1D0-9660-4CA8-9CF6-D64002E6E081}.Debug|Any CPU.Build.0 = Debug|Any CPU
		{C982A1D0-9660-4CA8-9CF6-D64002E6E081}.Release|Any CPU.ActiveCfg = Release|Any CPU
		{C982A1D0-9660-4CA8-9CF6-D64002E6E081}.Release|Any CPU.Build.0 = Release|Any CPU
	EndGlobalSection
	GlobalSection(SolutionProperties) = preSolution
		HideSolutionNode = FALSE
	EndGlobalSection
	GlobalSection(ExtensibilityGlobals) = postSolution
		SolutionGuid = {E42220F7-39A4-49EB-97FF-12D4DB5063F4}
	EndGlobalSection
EndGlobal
