
Microsoft Visual Studio Solution File, Format Version 12.00
# Visual Studio Version 16
VisualStudioVersion = 16.0.33529.622
MinimumVisualStudioVersion = 10.0.40219.1
Project("{FAE04EC0-301F-11D3-BF4B-00C04F79EFBC}") = "MultuplicationTable", "MultuplicationTable\MultuplicationTable.csproj", "{3365CE84-5825-4B61-9358-1CF50CC78D83}"
EndProject
Global
	GlobalSection(SolutionConfigurationPlatforms) = preSolution
		Debug|Any CPU = Debug|Any CPU
		Release|Any CPU = Release|Any CPU
	EndGlobalSection
	GlobalSection(ProjectConfigurationPlatforms) = postSolution
		{3365CE84-5825-4B61-9358-1CF50CC78D83}.Debug|Any CPU.ActiveCfg = Debug|Any CPU
		{3365CE84-5825-4B61-9358-1CF50CC78D83}.Debug|Any CPU.Build.0 = Debug|Any CPU
		{3365CE84-5825-4B61-9358-1CF50CC78D83}.Release|Any CPU.ActiveCfg = Release|Any CPU
		{3365CE84-5825-4B61-9358-1CF50CC78D83}.Release|Any CPU.Build.0 = Release|Any CPU
	EndGlobalSection
	GlobalSection(SolutionProperties) = preSolution
		HideSolutionNode = FALSE
	EndGlobalSection
	GlobalSection(ExtensibilityGlobals) = postSolution
		SolutionGuid = {CA88B1D9-D8F3-42D1-8F60-5185AF14B968}
	EndGlobalSection
EndGlobal
