
Microsoft Visual Studio Solution File, Format Version 12.00
# Visual Studio Version 16
VisualStudioVersion = 16.0.33529.622
MinimumVisualStudioVersion = 10.0.40219.1
Project("{FAE04EC0-301F-11D3-BF4B-00C04F79EFBC}") = "練習問題", "練習問題\練習問題.csproj", "{1B6714DC-1430-4817-9C03-7E6671D3D26C}"
EndProject
Global
	GlobalSection(SolutionConfigurationPlatforms) = preSolution
		Debug|Any CPU = Debug|Any CPU
		Release|Any CPU = Release|Any CPU
	EndGlobalSection
	GlobalSection(ProjectConfigurationPlatforms) = postSolution
		{1B6714DC-1430-4817-9C03-7E6671D3D26C}.Debug|Any CPU.ActiveCfg = Debug|Any CPU
		{1B6714DC-1430-4817-9C03-7E6671D3D26C}.Debug|Any CPU.Build.0 = Debug|Any CPU
		{1B6714DC-1430-4817-9C03-7E6671D3D26C}.Release|Any CPU.ActiveCfg = Release|Any CPU
		{1B6714DC-1430-4817-9C03-7E6671D3D26C}.Release|Any CPU.Build.0 = Release|Any CPU
	EndGlobalSection
	GlobalSection(SolutionProperties) = preSolution
		HideSolutionNode = FALSE
	EndGlobalSection
	GlobalSection(ExtensibilityGlobals) = postSolution
		SolutionGuid = {C632E84A-97CF-4358-90A7-AFE8AB816871}
	EndGlobalSection
EndGlobal
