
Microsoft Visual Studio Solution File, Format Version 12.00
# Visual Studio Version 16
VisualStudioVersion = 16.0.33529.622
MinimumVisualStudioVersion = 10.0.40219.1
Project("{FAE04EC0-301F-11D3-BF4B-00C04F79EFBC}") = "ConsoleApp4", "ConsoleApp4\ConsoleApp4.csproj", "{D4E7A6B0-1A7E-436D-B642-65581544D28C}"
EndProject
Global
	GlobalSection(SolutionConfigurationPlatforms) = preSolution
		Debug|Any CPU = Debug|Any CPU
		Release|Any CPU = Release|Any CPU
	EndGlobalSection
	GlobalSection(ProjectConfigurationPlatforms) = postSolution
		{D4E7A6B0-1A7E-436D-B642-65581544D28C}.Debug|Any CPU.ActiveCfg = Debug|Any CPU
		{D4E7A6B0-1A7E-436D-B642-65581544D28C}.Debug|Any CPU.Build.0 = Debug|Any CPU
		{D4E7A6B0-1A7E-436D-B642-65581544D28C}.Release|Any CPU.ActiveCfg = Release|Any CPU
		{D4E7A6B0-1A7E-436D-B642-65581544D28C}.Release|Any CPU.Build.0 = Release|Any CPU
	EndGlobalSection
	GlobalSection(SolutionProperties) = preSolution
		HideSolutionNode = FALSE
	EndGlobalSection
	GlobalSection(ExtensibilityGlobals) = postSolution
		SolutionGuid = {88BB315B-B1DD-4F38-AB07-5FCF31DB8A72}
	EndGlobalSection
EndGlobal
