
Microsoft Visual Studio Solution File, Format Version 12.00
# Visual Studio Version 16
VisualStudioVersion = 16.0.29230.47
MinimumVisualStudioVersion = 10.0.40219.1
Project("{FAE04EC0-301F-11D3-BF4B-00C04F79EFBC}") = "HelloCSharp", "HelloCSharp\HelloCSharp.csproj", "{4DB6AE7C-0798-407B-969E-324853C9BD7A}"
EndProject
Global
	GlobalSection(SolutionConfigurationPlatforms) = preSolution
		Debug|Any CPU = Debug|Any CPU
		Release|Any CPU = Release|Any CPU
	EndGlobalSection
	GlobalSection(ProjectConfigurationPlatforms) = postSolution
		{4DB6AE7C-0798-407B-969E-324853C9BD7A}.Debug|Any CPU.ActiveCfg = Debug|Any CPU
		{4DB6AE7C-0798-407B-969E-324853C9BD7A}.Debug|Any CPU.Build.0 = Debug|Any CPU
		{4DB6AE7C-0798-407B-969E-324853C9BD7A}.Release|Any CPU.ActiveCfg = Release|Any CPU
		{4DB6AE7C-0798-407B-969E-324853C9BD7A}.Release|Any CPU.Build.0 = Release|Any CPU
	EndGlobalSection
	GlobalSection(SolutionProperties) = preSolution
		HideSolutionNode = FALSE
	EndGlobalSection
	GlobalSection(ExtensibilityGlobals) = postSolution
		SolutionGuid = {74E73E53-F13E-4CE2-B952-3139CF7B8C5C}
	EndGlobalSection
EndGlobal
